
Microsoft Visual Studio Solution File, Format Version 12.00
# Visual Studio Version 17
VisualStudioVersion = 17.4.33213.308
MinimumVisualStudioVersion = 10.0.40219.1
Project("{9A19103F-16F7-4668-BE54-9A1E7A4F7556}") = "AdditionalTask_7_1", "AdditionalTask_7_1\AdditionalTask_7_1.csproj", "{37D3978B-5370-4A30-842E-F2BB06E4D49A}"
EndProject
Project("{9A19103F-16F7-4668-BE54-9A1E7A4F7556}") = "AdditionalTask_8_1", "AdditionalTask_8_1\AdditionalTask_8_1.csproj", "{5EF37A13-270A-473E-A603-68D9E2BC64C2}"
EndProject
Project("{FAE04EC0-301F-11D3-BF4B-00C04F79EFBC}") = "AdditionalTask_10_1", "Additional_task_10\AdditionalTask_10_1.csproj", "{7121BEEA-7053-474B-B992-8D84C776D3A8}"
EndProject
Global
	GlobalSection(SolutionConfigurationPlatforms) = preSolution
		Debug|Any CPU = Debug|Any CPU
		Release|Any CPU = Release|Any CPU
	EndGlobalSection
	GlobalSection(ProjectConfigurationPlatforms) = postSolution
		{37D3978B-5370-4A30-842E-F2BB06E4D49A}.Debug|Any CPU.ActiveCfg = Debug|Any CPU
		{37D3978B-5370-4A30-842E-F2BB06E4D49A}.Debug|Any CPU.Build.0 = Debug|Any CPU
		{37D3978B-5370-4A30-842E-F2BB06E4D49A}.Release|Any CPU.ActiveCfg = Release|Any CPU
		{37D3978B-5370-4A30-842E-F2BB06E4D49A}.Release|Any CPU.Build.0 = Release|Any CPU
		{5EF37A13-270A-473E-A603-68D9E2BC64C2}.Debug|Any CPU.ActiveCfg = Debug|Any CPU
		{5EF37A13-270A-473E-A603-68D9E2BC64C2}.Debug|Any CPU.Build.0 = Debug|Any CPU
		{5EF37A13-270A-473E-A603-68D9E2BC64C2}.Release|Any CPU.ActiveCfg = Release|Any CPU
		{5EF37A13-270A-473E-A603-68D9E2BC64C2}.Release|Any CPU.Build.0 = Release|Any CPU
		{7121BEEA-7053-474B-B992-8D84C776D3A8}.Debug|Any CPU.ActiveCfg = Debug|Any CPU
		{7121BEEA-7053-474B-B992-8D84C776D3A8}.Debug|Any CPU.Build.0 = Debug|Any CPU
		{7121BEEA-7053-474B-B992-8D84C776D3A8}.Release|Any CPU.ActiveCfg = Release|Any CPU
		{7121BEEA-7053-474B-B992-8D84C776D3A8}.Release|Any CPU.Build.0 = Release|Any CPU
	EndGlobalSection
	GlobalSection(SolutionProperties) = preSolution
		HideSolutionNode = FALSE
	EndGlobalSection
	GlobalSection(ExtensibilityGlobals) = postSolution
		SolutionGuid = {11CA3293-6AC9-4572-A9D9-F300909FBD6B}
	EndGlobalSection
EndGlobal
